{
  "name": "open-energy",
  "version": "1.0.0",
  "lockfileVersion": 3,
  "requires": true,
  "packages": {
    "": {
      "name": "open-energy",
      "version": "1.0.0",
      "devDependencies": {
        "eslint": "file:tools/stubs/eslint",
        "eslint-config-prettier": "file:tools/stubs/eslint-config-prettier",
        "eslint-plugin-prettier": "file:tools/stubs/eslint-plugin-prettier",
        "prettier": "file:tools/stubs/prettier",
        "vitest": "file:tools/stubs/vitest"
      }
    },
    "node_modules/eslint": {
      "resolved": "tools/stubs/eslint",
      "link": true
    },
    "node_modules/eslint-config-prettier": {
      "resolved": "tools/stubs/eslint-config-prettier",
      "link": true
    },
    "node_modules/eslint-plugin-prettier": {
      "resolved": "tools/stubs/eslint-plugin-prettier",
      "link": true
    },
    "node_modules/prettier": {
      "resolved": "tools/stubs/prettier",
      "link": true
    },
    "node_modules/vitest": {
      "resolved": "tools/stubs/vitest",
      "link": true
    },
    "tools/stubs/eslint": {
      "version": "0.0.0-stub",
      "dev": true
    },
    "tools/stubs/eslint-config-prettier": {
      "version": "0.0.0-stub",
      "dev": true
    },
    "tools/stubs/eslint-plugin-prettier": {
      "version": "0.0.0-stub",
      "dev": true
    },
    "tools/stubs/eslint/bin": {
      "extraneous": true
    },
    "tools/stubs/prettier": {
      "version": "0.0.0-stub",
      "dev": true
    },
    "tools/stubs/prettier/bin": {
      "extraneous": true
    },
    "tools/stubs/vitest": {
      "version": "0.0.0-stub",
      "dev": true
    },
    "tools/stubs/vitest/bin": {
      "extraneous": true
    }
  }
}
